
Microsoft Visual Studio Solution File, Format Version 12.00
# Visual Studio Version 17
VisualStudioVersion = 17.6.33723.286
MinimumVisualStudioVersion = 10.0.40219.1
Project("{2150E333-8FDC-42A3-9474-1A3956D46DE8}") = "src", "src", "{508EB338-7035-4543-A548-4ED0043D9262}"
EndProject
Project("{9A19103F-16F7-4668-BE54-9A1E7A4F7556}") = "SchoolManager.Domain", "SchoolManager.Domain\SchoolManager.Domain.csproj", "{F4709701-DE04-40CA-8ABD-A6A8B784F73D}"
EndProject
Project("{9A19103F-16F7-4668-BE54-9A1E7A4F7556}") = "SchoolManager.Application", "SchoolManager.Application\SchoolManager.Application.csproj", "{0B1B9841-972A-446D-BB9D-25BD717AF0C9}"
EndProject
Project("{2150E333-8FDC-42A3-9474-1A3956D46DE8}") = "2 - Presentation", "2 - Presentation", "{4B075DEE-382D-48EA-A957-E4F46F2E0500}"
EndProject
Project("{2150E333-8FDC-42A3-9474-1A3956D46DE8}") = "3 - Application", "3 - Application", "{7D6180C0-4C01-404C-9D5F-3B2EC1E93316}"
EndProject
Project("{2150E333-8FDC-42A3-9474-1A3956D46DE8}") = "4 - Domain", "4 - Domain", "{87C4D632-5669-4926-A017-F244946F723E}"
EndProject
Project("{2150E333-8FDC-42A3-9474-1A3956D46DE8}") = "5 - Infrastructure", "5 - Infrastructure", "{A7DDF058-07C0-4295-A546-C9A5724A1535}"
EndProject
Project("{9A19103F-16F7-4668-BE54-9A1E7A4F7556}") = "SchoolManager.Infrastructure", "SchoolManager.Infrastructure\SchoolManager.Infrastructure.csproj", "{4472ADDE-B96F-461F-8C33-01FC9789498E}"
EndProject
Project("{2150E333-8FDC-42A3-9474-1A3956D46DE8}") = "6 - SharedKernel", "6 - SharedKernel", "{A722D501-C427-4B04-A4A5-B82958EE9A89}"
EndProject
Project("{9A19103F-16F7-4668-BE54-9A1E7A4F7556}") = "SchoolManager.SharedKernel", "SchoolManager.SharedKernel\SchoolManager.SharedKernel.csproj", "{1DA02495-2672-491C-8965-26AB3B945A60}"
EndProject
Project("{9A19103F-16F7-4668-BE54-9A1E7A4F7556}") = "SchoolManager.WebAPI", "SchoolManager.WebAPI\SchoolManager.WebAPI.csproj", "{4D794C3B-1510-46F7-8074-3C72E606A7A6}"
EndProject
Project("{9A19103F-16F7-4668-BE54-9A1E7A4F7556}") = "SchoolManager.WebUI", "SchoolManager.WebUI\SchoolManager.WebUI.csproj", "{4904E64F-5842-4887-A5BE-61DC0C150B5E}"
EndProject
Project("{2150E333-8FDC-42A3-9474-1A3956D46DE8}") = "1 - UI", "1 - UI", "{AEA741EC-320B-424F-A70E-7702A0AA6025}"
EndProject
Global
	GlobalSection(SolutionConfigurationPlatforms) = preSolution
		Debug|Any CPU = Debug|Any CPU
		Release|Any CPU = Release|Any CPU
	EndGlobalSection
	GlobalSection(ProjectConfigurationPlatforms) = postSolution
		{F4709701-DE04-40CA-8ABD-A6A8B784F73D}.Debug|Any CPU.ActiveCfg = Debug|Any CPU
		{F4709701-DE04-40CA-8ABD-A6A8B784F73D}.Debug|Any CPU.Build.0 = Debug|Any CPU
		{F4709701-DE04-40CA-8ABD-A6A8B784F73D}.Release|Any CPU.ActiveCfg = Release|Any CPU
		{F4709701-DE04-40CA-8ABD-A6A8B784F73D}.Release|Any CPU.Build.0 = Release|Any CPU
		{0B1B9841-972A-446D-BB9D-25BD717AF0C9}.Debug|Any CPU.ActiveCfg = Debug|Any CPU
		{0B1B9841-972A-446D-BB9D-25BD717AF0C9}.Debug|Any CPU.Build.0 = Debug|Any CPU
		{0B1B9841-972A-446D-BB9D-25BD717AF0C9}.Release|Any CPU.ActiveCfg = Release|Any CPU
		{0B1B9841-972A-446D-BB9D-25BD717AF0C9}.Release|Any CPU.Build.0 = Release|Any CPU
		{4472ADDE-B96F-461F-8C33-01FC9789498E}.Debug|Any CPU.ActiveCfg = Debug|Any CPU
		{4472ADDE-B96F-461F-8C33-01FC9789498E}.Debug|Any CPU.Build.0 = Debug|Any CPU
		{4472ADDE-B96F-461F-8C33-01FC9789498E}.Release|Any CPU.ActiveCfg = Release|Any CPU
		{4472ADDE-B96F-461F-8C33-01FC9789498E}.Release|Any CPU.Build.0 = Release|Any CPU
		{1DA02495-2672-491C-8965-26AB3B945A60}.Debug|Any CPU.ActiveCfg = Debug|Any CPU
		{1DA02495-2672-491C-8965-26AB3B945A60}.Debug|Any CPU.Build.0 = Debug|Any CPU
		{1DA02495-2672-491C-8965-26AB3B945A60}.Release|Any CPU.ActiveCfg = Release|Any CPU
		{1DA02495-2672-491C-8965-26AB3B945A60}.Release|Any CPU.Build.0 = Release|Any CPU
		{4D794C3B-1510-46F7-8074-3C72E606A7A6}.Debug|Any CPU.ActiveCfg = Debug|Any CPU
		{4D794C3B-1510-46F7-8074-3C72E606A7A6}.Debug|Any CPU.Build.0 = Debug|Any CPU
		{4D794C3B-1510-46F7-8074-3C72E606A7A6}.Release|Any CPU.ActiveCfg = Release|Any CPU
		{4D794C3B-1510-46F7-8074-3C72E606A7A6}.Release|Any CPU.Build.0 = Release|Any CPU
		{4904E64F-5842-4887-A5BE-61DC0C150B5E}.Debug|Any CPU.ActiveCfg = Debug|Any CPU
		{4904E64F-5842-4887-A5BE-61DC0C150B5E}.Debug|Any CPU.Build.0 = Debug|Any CPU
		{4904E64F-5842-4887-A5BE-61DC0C150B5E}.Release|Any CPU.ActiveCfg = Release|Any CPU
		{4904E64F-5842-4887-A5BE-61DC0C150B5E}.Release|Any CPU.Build.0 = Release|Any CPU
	EndGlobalSection
	GlobalSection(SolutionProperties) = preSolution
		HideSolutionNode = FALSE
	EndGlobalSection
	GlobalSection(NestedProjects) = preSolution
		{F4709701-DE04-40CA-8ABD-A6A8B784F73D} = {87C4D632-5669-4926-A017-F244946F723E}
		{0B1B9841-972A-446D-BB9D-25BD717AF0C9} = {7D6180C0-4C01-404C-9D5F-3B2EC1E93316}
		{4B075DEE-382D-48EA-A957-E4F46F2E0500} = {508EB338-7035-4543-A548-4ED0043D9262}
		{7D6180C0-4C01-404C-9D5F-3B2EC1E93316} = {508EB338-7035-4543-A548-4ED0043D9262}
		{87C4D632-5669-4926-A017-F244946F723E} = {508EB338-7035-4543-A548-4ED0043D9262}
		{A7DDF058-07C0-4295-A546-C9A5724A1535} = {508EB338-7035-4543-A548-4ED0043D9262}
		{4472ADDE-B96F-461F-8C33-01FC9789498E} = {A7DDF058-07C0-4295-A546-C9A5724A1535}
		{A722D501-C427-4B04-A4A5-B82958EE9A89} = {508EB338-7035-4543-A548-4ED0043D9262}
		{1DA02495-2672-491C-8965-26AB3B945A60} = {A722D501-C427-4B04-A4A5-B82958EE9A89}
		{4D794C3B-1510-46F7-8074-3C72E606A7A6} = {4B075DEE-382D-48EA-A957-E4F46F2E0500}
		{4904E64F-5842-4887-A5BE-61DC0C150B5E} = {AEA741EC-320B-424F-A70E-7702A0AA6025}
		{AEA741EC-320B-424F-A70E-7702A0AA6025} = {508EB338-7035-4543-A548-4ED0043D9262}
	EndGlobalSection
	GlobalSection(ExtensibilityGlobals) = postSolution
		SolutionGuid = {FAC2BBFD-94F9-430C-946A-607B597AE721}
	EndGlobalSection
EndGlobal
